
Microsoft Visual Studio Solution File, Format Version 12.00
# Visual Studio Version 16
VisualStudioVersion = 16.0.31410.357
MinimumVisualStudioVersion = 10.0.40219.1
Project("{8BC9CEB8-8B4A-11D0-8D11-00A0C91BC942}") = "RayTracer", "RayTracer\RayTracer.vcxproj", "{88A6242B-D4BC-4959-BAD6-49E7FADCCC44}"
EndProject
Project("{8BC9CEB8-8B4A-11D0-8D11-00A0C91BC942}") = "AmbiRenderer", "AmbiRenderer\AmbiRenderer.vcxproj", "{7103B363-6352-4C0E-A23E-8FB345EA5B13}"
EndProject
Project("{2150E333-8FDC-42A3-9474-1A3956D46DE8}") = "Renderers", "Renderers", "{8BF504B9-6168-444F-9494-27BFBB060270}"
EndProject
Project("{2150E333-8FDC-42A3-9474-1A3956D46DE8}") = "Documents", "Documents", "{94488EAB-B976-4AE1-9AD8-CBEC7F28312C}"
	ProjectSection(SolutionItems) = preProject
		README.md = README.md
	EndProjectSection
EndProject
Project("{2150E333-8FDC-42A3-9474-1A3956D46DE8}") = "Resources", "Resources", "{52DCF3BF-CE68-49FC-A6CD-873B4F1E4F99}"
	ProjectSection(SolutionItems) = preProject
		Resources\african_head.obj = Resources\african_head.obj
		Resources\earthmap.jpg = Resources\earthmap.jpg
	EndProjectSection
EndProject
Project("{2150E333-8FDC-42A3-9474-1A3956D46DE8}") = "Notes", "Notes", "{ECAC9D94-B822-4615-82B6-F108A3A9D7A0}"
EndProject
Project("{2150E333-8FDC-42A3-9474-1A3956D46DE8}") = "Ray_Tracing_in_One_Weekend", "Ray_Tracing_in_One_Weekend", "{DB8E059C-1420-462F-80D0-A01592A2CA3F}"
	ProjectSection(SolutionItems) = preProject
		Documents\Notes\Ray_Tracing_in_One_Weekend\README.md = Documents\Notes\Ray_Tracing_in_One_Weekend\README.md
	EndProjectSection
EndProject
Project("{2150E333-8FDC-42A3-9474-1A3956D46DE8}") = "Media", "Media", "{3DDC64A5-D301-48D7-A8FF-1885ED388303}"
	ProjectSection(SolutionItems) = preProject
		Documents\Notes\Ray_Tracing_in_One_Weekend\Media\00d84ca61c1de19211ed0d0fd4e6185fcab0800eb796de4578e372aeea4d483a.png = Documents\Notes\Ray_Tracing_in_One_Weekend\Media\00d84ca61c1de19211ed0d0fd4e6185fcab0800eb796de4578e372aeea4d483a.png
		Documents\Notes\Ray_Tracing_in_One_Weekend\Media\198e122c355c1d63abbef3152ea478f49fa3b158ac9d500e4375e572ac63842f.png = Documents\Notes\Ray_Tracing_in_One_Weekend\Media\198e122c355c1d63abbef3152ea478f49fa3b158ac9d500e4375e572ac63842f.png
		Documents\Notes\Ray_Tracing_in_One_Weekend\Media\535717ec2083cb1ec80962078d9b8306d65fe4a4f2ce3ccb1d9f435f40f4f194.png = Documents\Notes\Ray_Tracing_in_One_Weekend\Media\535717ec2083cb1ec80962078d9b8306d65fe4a4f2ce3ccb1d9f435f40f4f194.png
		Documents\Notes\Ray_Tracing_in_One_Weekend\Media\a76d3ae63959ad7626300203c817174204e822f9963890329b20f88d0e707d97.png = Documents\Notes\Ray_Tracing_in_One_Weekend\Media\a76d3ae63959ad7626300203c817174204e822f9963890329b20f88d0e707d97.png
		Documents\Notes\Ray_Tracing_in_One_Weekend\Media\b96eef6ef57eb6066787fd4a6acdf6334635de668961bb29b564fc44a48fab18.png = Documents\Notes\Ray_Tracing_in_One_Weekend\Media\b96eef6ef57eb6066787fd4a6acdf6334635de668961bb29b564fc44a48fab18.png
		Documents\Notes\Ray_Tracing_in_One_Weekend\Media\bfdeb10c31b1008bd27fd870a0c5a13790a0649f2bcd080aaa47eb65d7d03cfa.png = Documents\Notes\Ray_Tracing_in_One_Weekend\Media\bfdeb10c31b1008bd27fd870a0c5a13790a0649f2bcd080aaa47eb65d7d03cfa.png
	EndProjectSection
EndProject
Project("{2150E333-8FDC-42A3-9474-1A3956D46DE8}") = "Ray_Tracing_The_Next_Week", "Ray_Tracing_The_Next_Week", "{5536E916-3EB7-44E0-A3C0-2E69DCF2C630}"
	ProjectSection(SolutionItems) = preProject
		Documents\Notes\Ray_Tracing_The_Next_Week\README.md = Documents\Notes\Ray_Tracing_The_Next_Week\README.md
	EndProjectSection
EndProject
Project("{2150E333-8FDC-42A3-9474-1A3956D46DE8}") = "Results", "Results", "{46FE5766-63FD-46C9-ACC9-8F813A553790}"
EndProject
Project("{2150E333-8FDC-42A3-9474-1A3956D46DE8}") = "Ray_Tracing_in_One_Weekend", "Ray_Tracing_in_One_Weekend", "{7F581C53-DDC3-4980-A9EA-8F3966A886D2}"
	ProjectSection(SolutionItems) = preProject
		Documents\Results\Ray_Tracing_in_One_Weekend\Chapter10_result.jpg = Documents\Results\Ray_Tracing_in_One_Weekend\Chapter10_result.jpg
		Documents\Results\Ray_Tracing_in_One_Weekend\Chapter11_result.jpg = Documents\Results\Ray_Tracing_in_One_Weekend\Chapter11_result.jpg
		Documents\Results\Ray_Tracing_in_One_Weekend\Chapter12_result.jpg = Documents\Results\Ray_Tracing_in_One_Weekend\Chapter12_result.jpg
		Documents\Results\Ray_Tracing_in_One_Weekend\Chapter13_result.jpg = Documents\Results\Ray_Tracing_in_One_Weekend\Chapter13_result.jpg
		Documents\Results\Ray_Tracing_in_One_Weekend\Chapter3_result.jpg = Documents\Results\Ray_Tracing_in_One_Weekend\Chapter3_result.jpg
		Documents\Results\Ray_Tracing_in_One_Weekend\Chapter4_result.jpg = Documents\Results\Ray_Tracing_in_One_Weekend\Chapter4_result.jpg
		Documents\Results\Ray_Tracing_in_One_Weekend\Chapter5_result.jpg = Documents\Results\Ray_Tracing_in_One_Weekend\Chapter5_result.jpg
		Documents\Results\Ray_Tracing_in_One_Weekend\Chapter6_result.jpg = Documents\Results\Ray_Tracing_in_One_Weekend\Chapter6_result.jpg
		Documents\Results\Ray_Tracing_in_One_Weekend\Chapter7_result.jpg = Documents\Results\Ray_Tracing_in_One_Weekend\Chapter7_result.jpg
		Documents\Results\Ray_Tracing_in_One_Weekend\Chapter8_result.jpg = Documents\Results\Ray_Tracing_in_One_Weekend\Chapter8_result.jpg
		Documents\Results\Ray_Tracing_in_One_Weekend\Chapter9_result.jpg = Documents\Results\Ray_Tracing_in_One_Weekend\Chapter9_result.jpg
	EndProjectSection
EndProject
Project("{2150E333-8FDC-42A3-9474-1A3956D46DE8}") = "Ray_Tracing_The_Next_Week", "Ray_Tracing_The_Next_Week", "{91449389-8398-4395-90FF-619EA01E4FEB}"
	ProjectSection(SolutionItems) = preProject
		Documents\Results\Ray_Tracing_The_Next_Week\Chapter10.jpg = Documents\Results\Ray_Tracing_The_Next_Week\Chapter10.jpg
		Documents\Results\Ray_Tracing_The_Next_Week\Chapter2.jpg = Documents\Results\Ray_Tracing_The_Next_Week\Chapter2.jpg
		Documents\Results\Ray_Tracing_The_Next_Week\Chapter3.jpg = Documents\Results\Ray_Tracing_The_Next_Week\Chapter3.jpg
		Documents\Results\Ray_Tracing_The_Next_Week\Chapter4.jpg = Documents\Results\Ray_Tracing_The_Next_Week\Chapter4.jpg
		Documents\Results\Ray_Tracing_The_Next_Week\Chapter5.jpg = Documents\Results\Ray_Tracing_The_Next_Week\Chapter5.jpg
		Documents\Results\Ray_Tracing_The_Next_Week\Chapter6.jpg = Documents\Results\Ray_Tracing_The_Next_Week\Chapter6.jpg
		Documents\Results\Ray_Tracing_The_Next_Week\Chapter7.jpg = Documents\Results\Ray_Tracing_The_Next_Week\Chapter7.jpg
		Documents\Results\Ray_Tracing_The_Next_Week\Chapter8.jpg = Documents\Results\Ray_Tracing_The_Next_Week\Chapter8.jpg
		Documents\Results\Ray_Tracing_The_Next_Week\Chapter9.jpg = Documents\Results\Ray_Tracing_The_Next_Week\Chapter9.jpg
	EndProjectSection
EndProject
Project("{8BC9CEB8-8B4A-11D0-8D11-00A0C91BC942}") = "Rasterizer", "Rasterizer\Rasterizer.vcxproj", "{8EF7D644-A867-4633-947C-D74F71F441A0}"
EndProject
Project("{2150E333-8FDC-42A3-9474-1A3956D46DE8}") = "tinyrenderer", "tinyrenderer", "{2A91CEF3-0D30-4D63-8673-07781152F804}"
	ProjectSection(SolutionItems) = preProject
		Documents\Notes\tinyrenderer\README.md = Documents\Notes\tinyrenderer\README.md
	EndProjectSection
EndProject
Global
	GlobalSection(SolutionConfigurationPlatforms) = preSolution
		Debug|x64 = Debug|x64
		Debug|x86 = Debug|x86
		Release|x64 = Release|x64
		Release|x86 = Release|x86
	EndGlobalSection
	GlobalSection(ProjectConfigurationPlatforms) = postSolution
		{88A6242B-D4BC-4959-BAD6-49E7FADCCC44}.Debug|x64.ActiveCfg = Debug|x64
		{88A6242B-D4BC-4959-BAD6-49E7FADCCC44}.Debug|x64.Build.0 = Debug|x64
		{88A6242B-D4BC-4959-BAD6-49E7FADCCC44}.Debug|x86.ActiveCfg = Debug|Win32
		{88A6242B-D4BC-4959-BAD6-49E7FADCCC44}.Debug|x86.Build.0 = Debug|Win32
		{88A6242B-D4BC-4959-BAD6-49E7FADCCC44}.Release|x64.ActiveCfg = Release|x64
		{88A6242B-D4BC-4959-BAD6-49E7FADCCC44}.Release|x64.Build.0 = Release|x64
		{88A6242B-D4BC-4959-BAD6-49E7FADCCC44}.Release|x86.ActiveCfg = Release|Win32
		{88A6242B-D4BC-4959-BAD6-49E7FADCCC44}.Release|x86.Build.0 = Release|Win32
		{7103B363-6352-4C0E-A23E-8FB345EA5B13}.Debug|x64.ActiveCfg = Debug|x64
		{7103B363-6352-4C0E-A23E-8FB345EA5B13}.Debug|x64.Build.0 = Debug|x64
		{7103B363-6352-4C0E-A23E-8FB345EA5B13}.Debug|x86.ActiveCfg = Debug|Win32
		{7103B363-6352-4C0E-A23E-8FB345EA5B13}.Debug|x86.Build.0 = Debug|Win32
		{7103B363-6352-4C0E-A23E-8FB345EA5B13}.Release|x64.ActiveCfg = Release|x64
		{7103B363-6352-4C0E-A23E-8FB345EA5B13}.Release|x64.Build.0 = Release|x64
		{7103B363-6352-4C0E-A23E-8FB345EA5B13}.Release|x86.ActiveCfg = Release|Win32
		{7103B363-6352-4C0E-A23E-8FB345EA5B13}.Release|x86.Build.0 = Release|Win32
		{8EF7D644-A867-4633-947C-D74F71F441A0}.Debug|x64.ActiveCfg = Debug|x64
		{8EF7D644-A867-4633-947C-D74F71F441A0}.Debug|x64.Build.0 = Debug|x64
		{8EF7D644-A867-4633-947C-D74F71F441A0}.Debug|x86.ActiveCfg = Debug|Win32
		{8EF7D644-A867-4633-947C-D74F71F441A0}.Debug|x86.Build.0 = Debug|Win32
		{8EF7D644-A867-4633-947C-D74F71F441A0}.Release|x64.ActiveCfg = Release|x64
		{8EF7D644-A867-4633-947C-D74F71F441A0}.Release|x64.Build.0 = Release|x64
		{8EF7D644-A867-4633-947C-D74F71F441A0}.Release|x86.ActiveCfg = Release|Win32
		{8EF7D644-A867-4633-947C-D74F71F441A0}.Release|x86.Build.0 = Release|Win32
	EndGlobalSection
	GlobalSection(SolutionProperties) = preSolution
		HideSolutionNode = FALSE
	EndGlobalSection
	GlobalSection(NestedProjects) = preSolution
		{88A6242B-D4BC-4959-BAD6-49E7FADCCC44} = {8BF504B9-6168-444F-9494-27BFBB060270}
		{ECAC9D94-B822-4615-82B6-F108A3A9D7A0} = {94488EAB-B976-4AE1-9AD8-CBEC7F28312C}
		{DB8E059C-1420-462F-80D0-A01592A2CA3F} = {ECAC9D94-B822-4615-82B6-F108A3A9D7A0}
		{3DDC64A5-D301-48D7-A8FF-1885ED388303} = {DB8E059C-1420-462F-80D0-A01592A2CA3F}
		{5536E916-3EB7-44E0-A3C0-2E69DCF2C630} = {ECAC9D94-B822-4615-82B6-F108A3A9D7A0}
		{46FE5766-63FD-46C9-ACC9-8F813A553790} = {94488EAB-B976-4AE1-9AD8-CBEC7F28312C}
		{7F581C53-DDC3-4980-A9EA-8F3966A886D2} = {46FE5766-63FD-46C9-ACC9-8F813A553790}
		{91449389-8398-4395-90FF-619EA01E4FEB} = {46FE5766-63FD-46C9-ACC9-8F813A553790}
		{8EF7D644-A867-4633-947C-D74F71F441A0} = {8BF504B9-6168-444F-9494-27BFBB060270}
		{2A91CEF3-0D30-4D63-8673-07781152F804} = {ECAC9D94-B822-4615-82B6-F108A3A9D7A0}
	EndGlobalSection
	GlobalSection(ExtensibilityGlobals) = postSolution
		SolutionGuid = {D0D3E376-DE68-459B-9C7A-E89E94DCCCF6}
	EndGlobalSection
EndGlobal
