<?xml version="1.0" encoding="utf-8"?>
<Project ToolsVersion="4.0" xmlns="http://schemas.microsoft.com/developer/msbuild/2003">
  <ItemGroup>
    <Filter Include="include">
      <UniqueIdentifier>{9f117698-4a1e-4472-af44-058a2f593df5}</UniqueIdentifier>
    </Filter>
    <Filter Include="source">
      <UniqueIdentifier>{aca2e4fb-88a3-4e12-9eab-30fbf226ea17}</UniqueIdentifier>
    </Filter>
  </ItemGroup>
  <ItemGroup>
    <ClInclude Include="core\AmbiRenderer.hpp">
      <Filter>include</Filter>
    </ClInclude>
    <ClInclude Include="core\Renderer.hpp">
      <Filter>include</Filter>
    </ClInclude>
    <ClInclude Include="core\Config.hpp">
      <Filter>include</Filter>
    </ClInclude>
  </ItemGroup>
  <ItemGroup>
    <ClCompile Include="core\AmbiRenderer.cpp">
      <Filter>source</Filter>
    </ClCompile>
  </ItemGroup>
</Project>