<?xml version="1.0" encoding="utf-8"?>
<Project ToolsVersion="4.0" xmlns="http://schemas.microsoft.com/developer/msbuild/2003">
  <ItemGroup>
    <Filter Include="core">
      <UniqueIdentifier>{01542ba1-9506-446d-a2b2-c67a8fbe75aa}</UniqueIdentifier>
    </Filter>
    <Filter Include="core\source">
      <UniqueIdentifier>{aca2e4fb-88a3-4e12-9eab-30fbf226ea17}</UniqueIdentifier>
    </Filter>
    <Filter Include="core\include">
      <UniqueIdentifier>{9f117698-4a1e-4472-af44-058a2f593df5}</UniqueIdentifier>
    </Filter>
    <Filter Include="renderers">
      <UniqueIdentifier>{b36109b8-7e86-4562-884b-6f03acf321c6}</UniqueIdentifier>
    </Filter>
    <Filter Include="app">
      <UniqueIdentifier>{2ad0ee7e-1ed1-4b30-95ba-c21bd19f566a}</UniqueIdentifier>
    </Filter>
    <Filter Include="app\include">
      <UniqueIdentifier>{ab9a3abd-3598-4df3-9ae8-c7e57e6e4ee3}</UniqueIdentifier>
    </Filter>
    <Filter Include="app\source">
      <UniqueIdentifier>{01e7f350-c8d5-4440-bd1d-5c7f39d5fab7}</UniqueIdentifier>
    </Filter>
    <Filter Include="core\bases">
      <UniqueIdentifier>{9acc7891-e581-4673-8c06-93c03a03da50}</UniqueIdentifier>
    </Filter>
    <Filter Include="core\utils">
      <UniqueIdentifier>{01d65152-1572-42e1-9e09-a38c93093409}</UniqueIdentifier>
    </Filter>
    <Filter Include="renderers\rasterizer">
      <UniqueIdentifier>{85451dad-4c8c-4acc-a20d-978535d9f4f4}</UniqueIdentifier>
    </Filter>
    <Filter Include="renderers\rasterizer\include">
      <UniqueIdentifier>{c5f30f77-6bf7-4ada-94ba-2ba7531a674b}</UniqueIdentifier>
    </Filter>
    <Filter Include="renderers\rasterizer\source">
      <UniqueIdentifier>{43b0da3e-3d00-416b-997a-97e7b12c9de4}</UniqueIdentifier>
    </Filter>
    <Filter Include="renderers\painter">
      <UniqueIdentifier>{509a4331-61df-4fc9-ad01-1bab4559c73c}</UniqueIdentifier>
    </Filter>
    <Filter Include="renderers\painter\include">
      <UniqueIdentifier>{4e0b784c-8acf-48cd-ada0-f53e564e278c}</UniqueIdentifier>
    </Filter>
    <Filter Include="renderers\painter\source">
      <UniqueIdentifier>{b76af260-dff8-4dce-b9ee-bdf93c207720}</UniqueIdentifier>
    </Filter>
    <Filter Include="renderers\common">
      <UniqueIdentifier>{4ae04ddf-f130-4f37-821d-6b0c2c6c753a}</UniqueIdentifier>
    </Filter>
    <Filter Include="renderers\shaders">
      <UniqueIdentifier>{60174121-2b5a-4cc5-96bd-50563da9638d}</UniqueIdentifier>
    </Filter>
  </ItemGroup>
  <ItemGroup>
    <ClInclude Include="core\Config.h">
      <Filter>core\include</Filter>
    </ClInclude>
    <ClInclude Include="core\ABR_GDI.h">
      <Filter>core\include</Filter>
    </ClInclude>
    <ClInclude Include="core\RendererManager.h">
      <Filter>core\include</Filter>
    </ClInclude>
    <ClInclude Include="core\ControlManager.h">
      <Filter>core\include</Filter>
    </ClInclude>
    <ClInclude Include="core\EngineCore.h">
      <Filter>core\include</Filter>
    </ClInclude>
    <ClInclude Include="core\RendererBase.h">
      <Filter>core\bases</Filter>
    </ClInclude>
    <ClInclude Include="core\AppBase.h">
      <Filter>core\bases</Filter>
    </ClInclude>
    <ClInclude Include="app\TestApp.h">
      <Filter>app\include</Filter>
    </ClInclude>
    <ClInclude Include="core\DesignPatterns.h">
      <Filter>core\utils</Filter>
    </ClInclude>
    <ClInclude Include="core\Macros.h">
      <Filter>core\utils</Filter>
    </ClInclude>
    <ClInclude Include="core\Utils.h">
      <Filter>core\utils</Filter>
    </ClInclude>
    <ClInclude Include="core\Systems.h">
      <Filter>core\utils</Filter>
    </ClInclude>
    <ClInclude Include="renderers\rasterizer\geometry.h">
      <Filter>renderers\rasterizer\include</Filter>
    </ClInclude>
    <ClInclude Include="renderers\rasterizer\gl_soft.h">
      <Filter>renderers\rasterizer\include</Filter>
    </ClInclude>
    <ClInclude Include="renderers\rasterizer\model.h">
      <Filter>renderers\rasterizer\include</Filter>
    </ClInclude>
    <ClInclude Include="renderers\rasterizer\Rasterizer.h">
      <Filter>renderers\rasterizer\include</Filter>
    </ClInclude>
    <ClInclude Include="renderers\painter\Painter.h">
      <Filter>renderers\painter\include</Filter>
    </ClInclude>
    <ClInclude Include="core\Timer.h">
      <Filter>core\utils</Filter>
    </ClInclude>
    <ClInclude Include="renderers\Graphics.h">
      <Filter>renderers\common</Filter>
    </ClInclude>
    <ClInclude Include="renderers\shaders\TestVertexShader.h">
      <Filter>renderers\shaders</Filter>
    </ClInclude>
    <ClInclude Include="renderers\shaders\VertexShaderBase.h">
      <Filter>renderers\shaders</Filter>
    </ClInclude>
  </ItemGroup>
  <ItemGroup>
    <ClCompile Include="core\ABR_GDI.cpp">
      <Filter>core\source</Filter>
    </ClCompile>
    <ClCompile Include="core\WinMain.cpp">
      <Filter>core\source</Filter>
    </ClCompile>
    <ClCompile Include="core\RendererManager.cpp">
      <Filter>core\source</Filter>
    </ClCompile>
    <ClCompile Include="core\ControlManager.cpp">
      <Filter>core\source</Filter>
    </ClCompile>
    <ClCompile Include="core\EngineCore.cpp">
      <Filter>core\source</Filter>
    </ClCompile>
    <ClCompile Include="app\TestApp.cpp">
      <Filter>app\source</Filter>
    </ClCompile>
    <ClCompile Include="renderers\rasterizer\gl_soft.cpp">
      <Filter>renderers\rasterizer\source</Filter>
    </ClCompile>
    <ClCompile Include="renderers\rasterizer\model.cpp">
      <Filter>renderers\rasterizer\source</Filter>
    </ClCompile>
    <ClCompile Include="renderers\rasterizer\Rasterizer.cpp">
      <Filter>renderers\rasterizer\source</Filter>
    </ClCompile>
    <ClCompile Include="renderers\painter\Painter.cpp">
      <Filter>renderers\painter\source</Filter>
    </ClCompile>
    <ClCompile Include="core\AppBase.cpp">
      <Filter>core\bases</Filter>
    </ClCompile>
    <ClCompile Include="core\Timer.cpp">
      <Filter>core\utils</Filter>
    </ClCompile>
  </ItemGroup>
</Project>